{
  "version": 4,
  "terraform_version": "0.14.8",
  "serial": 12,
  "lineage": "af26547f-87b7-6ddf-30d8-1d73abfd57da",
  "outputs": {},
  "resources": [
    {
      "mode": "data",
      "type": "aws_iam_policy_document",
      "name": "require_ec2_tags",
      "provider": "provider[\"registry.terraform.io/hashicorp/aws\"]",
      "instances": [
        {
          "schema_version": 0,
          "attributes": {
            "id": "1928297566",
            "json": "{\n  \"Version\": \"2012-10-17\",\n  \"Statement\": [\n    {\n      \"Sid\": \"RequireTag\",\n      \"Effect\": \"Deny\",\n      \"Action\": [\n        \"ec2:RunInstances\",\n        \"ec2:CreateVolume\"\n      ],\n      \"Resource\": [\n        \"arn:aws:ec2:*:*:volume/*\",\n        \"arn:aws:ec2:*:*:instance/*\"\n      ],\n      \"Condition\": {\n        \"Null\": {\n          \"aws:RequestTag/Name\": [\n            \"true\"\n          ]\n        }\n      }\n    }\n  ]\n}",
            "override_json": null,
            "override_policy_documents": null,
            "policy_id": null,
            "source_json": null,
            "source_policy_documents": null,
            "statement": [
              {
                "actions": [
                  "ec2:CreateVolume",
                  "ec2:RunInstances"
                ],
                "condition": [
                  {
                    "test": "Null",
                    "values": [
                      "true"
                    ],
                    "variable": "aws:RequestTag/Name"
                  }
                ],
                "effect": "Deny",
                "not_actions": [],
                "not_principals": [],
                "not_resources": [],
                "principals": [],
                "resources": [
                  "arn:aws:ec2:*:*:instance/*",
                  "arn:aws:ec2:*:*:volume/*"
                ],
                "sid": "RequireTag"
              }
            ],
            "version": "2012-10-17"
          },
          "sensitive_attributes": []
        }
      ]
    },
    {
      "mode": "data",
      "type": "aws_iam_policy_document",
      "name": "restrict_ec2_types",
      "provider": "provider[\"registry.terraform.io/hashicorp/aws\"]",
      "instances": [
        {
          "schema_version": 0,
          "attributes": {
            "id": "1156659415",
            "json": "{\n  \"Version\": \"2012-10-17\",\n  \"Statement\": [\n    {\n      \"Sid\": \"RestrictEc2Types\",\n      \"Effect\": \"Deny\",\n      \"Action\": \"ec2:RunInstances\",\n      \"Resource\": \"arn:aws:ec2:*:*:instance/*\",\n      \"Condition\": {\n        \"StringNotEquals\": {\n          \"ec2:InstanceType\": [\n            \"t2*\",\n            \"t3*\"\n          ]\n        }\n      }\n    }\n  ]\n}",
            "override_json": null,
            "override_policy_documents": null,
            "policy_id": null,
            "source_json": null,
            "source_policy_documents": null,
            "statement": [
              {
                "actions": [
                  "ec2:RunInstances"
                ],
                "condition": [
                  {
                    "test": "StringNotEquals",
                    "values": [
                      "t2*",
                      "t3*"
                    ],
                    "variable": "ec2:InstanceType"
                  }
                ],
                "effect": "Deny",
                "not_actions": [],
                "not_principals": [],
                "not_resources": [],
                "principals": [],
                "resources": [
                  "arn:aws:ec2:*:*:instance/*"
                ],
                "sid": "RestrictEc2Types"
              }
            ],
            "version": "2012-10-17"
          },
          "sensitive_attributes": []
        }
      ]
    },
    {
      "mode": "data",
      "type": "aws_iam_policy_document",
      "name": "restrict_regions",
      "provider": "provider[\"registry.terraform.io/hashicorp/aws\"]",
      "instances": [
        {
          "schema_version": 0,
          "attributes": {
            "id": "1066241356",
            "json": "{\n  \"Version\": \"2012-10-17\",\n  \"Statement\": [\n    {\n      \"Sid\": \"RegionRestriction\",\n      \"Effect\": \"Deny\",\n      \"Action\": \"*\",\n      \"Resource\": \"*\",\n      \"Condition\": {\n        \"StringNotEquals\": {\n          \"aws:RequestedRegion\": [\n            \"us-east-1\",\n            \"us-west-2\"\n          ]\n        }\n      }\n    }\n  ]\n}",
            "override_json": null,
            "override_policy_documents": null,
            "policy_id": null,
            "source_json": null,
            "source_policy_documents": null,
            "statement": [
              {
                "actions": [
                  "*"
                ],
                "condition": [
                  {
                    "test": "StringNotEquals",
                    "values": [
                      "us-east-1",
                      "us-west-2"
                    ],
                    "variable": "aws:RequestedRegion"
                  }
                ],
                "effect": "Deny",
                "not_actions": [],
                "not_principals": [],
                "not_resources": [],
                "principals": [],
                "resources": [
                  "*"
                ],
                "sid": "RegionRestriction"
              }
            ],
            "version": "2012-10-17"
          },
          "sensitive_attributes": []
        }
      ]
    },
    {
      "mode": "managed",
      "type": "aws_organizations_policy",
      "name": "require_ec2_tags",
      "provider": "provider[\"registry.terraform.io/hashicorp/aws\"]",
      "instances": [
        {
          "schema_version": 0,
          "attributes": {
            "arn": "arn:aws:organizations::258748242541:policy/o-ck6nmvfrcc/service_control_policy/p-5n5wr6hy",
            "content": "{\n  \"Version\": \"2012-10-17\",\n  \"Statement\": [\n    {\n      \"Sid\": \"RequireTag\",\n      \"Effect\": \"Deny\",\n      \"Action\": [\n        \"ec2:RunInstances\",\n        \"ec2:CreateVolume\"\n      ],\n      \"Resource\": [\n        \"arn:aws:ec2:*:*:volume/*\",\n        \"arn:aws:ec2:*:*:instance/*\"\n      ],\n      \"Condition\": {\n        \"Null\": {\n          \"aws:RequestTag/Name\": [\n            \"true\"\n          ]\n        }\n      }\n    }\n  ]\n}",
            "description": "Name tag is required for EC2 instances and volumes.",
            "id": "p-5n5wr6hy",
            "name": "require_ec2_tags",
            "tags": {},
            "type": "SERVICE_CONTROL_POLICY"
          },
          "sensitive_attributes": [],
          "private": "bnVsbA==",
          "dependencies": [
            "data.aws_iam_policy_document.require_ec2_tags"
          ]
        }
      ]
    },
    {
      "mode": "managed",
      "type": "aws_organizations_policy",
      "name": "restrict_ec2_types",
      "provider": "provider[\"registry.terraform.io/hashicorp/aws\"]",
      "instances": [
        {
          "schema_version": 0,
          "attributes": {
            "arn": "arn:aws:organizations::258748242541:policy/o-ck6nmvfrcc/service_control_policy/p-t9fpt9yk",
            "content": "{\n  \"Version\": \"2012-10-17\",\n  \"Statement\": [\n    {\n      \"Sid\": \"RestrictEc2Types\",\n      \"Effect\": \"Deny\",\n      \"Action\": \"ec2:RunInstances\",\n      \"Resource\": \"arn:aws:ec2:*:*:instance/*\",\n      \"Condition\": {\n        \"StringNotEquals\": {\n          \"ec2:InstanceType\": [\n            \"t2*\",\n            \"t3*\"\n          ]\n        }\n      }\n    }\n  ]\n}",
            "description": "Allow certain EC2 instance types only.",
            "id": "p-t9fpt9yk",
            "name": "restrict_ec2_types",
            "tags": {},
            "type": "SERVICE_CONTROL_POLICY"
          },
          "sensitive_attributes": [],
          "private": "bnVsbA==",
          "dependencies": [
            "data.aws_iam_policy_document.restrict_ec2_types"
          ]
        }
      ]
    },
    {
      "mode": "managed",
      "type": "aws_organizations_policy",
      "name": "restrict_regions",
      "provider": "provider[\"registry.terraform.io/hashicorp/aws\"]",
      "instances": [
        {
          "schema_version": 0,
          "attributes": {
            "arn": "arn:aws:organizations::258748242541:policy/o-ck6nmvfrcc/service_control_policy/p-uoysaftl",
            "content": "{\n  \"Version\": \"2012-10-17\",\n  \"Statement\": [\n    {\n      \"Sid\": \"RegionRestriction\",\n      \"Effect\": \"Deny\",\n      \"Action\": \"*\",\n      \"Resource\": \"*\",\n      \"Condition\": {\n        \"StringNotEquals\": {\n          \"aws:RequestedRegion\": [\n            \"us-east-1\",\n            \"us-west-2\"\n          ]\n        }\n      }\n    }\n  ]\n}",
            "description": "Deny all regions except US East 1 and us-west-2.",
            "id": "p-uoysaftl",
            "name": "restrict_regions",
            "tags": {},
            "type": "SERVICE_CONTROL_POLICY"
          },
          "sensitive_attributes": [],
          "private": "bnVsbA==",
          "dependencies": [
            "data.aws_iam_policy_document.restrict_regions"
          ]
        }
      ]
    },
    {
      "mode": "managed",
      "type": "aws_organizations_policy_attachment",
      "name": "restrict_ec2_types_on_root",
      "provider": "provider[\"registry.terraform.io/hashicorp/aws\"]",
      "instances": [
        {
          "schema_version": 0,
          "attributes": {
            "id": "r-qmkp:p-t9fpt9yk",
            "policy_id": "p-t9fpt9yk",
            "target_id": "r-qmkp"
          },
          "sensitive_attributes": [],
          "private": "bnVsbA==",
          "dependencies": [
            "aws_organizations_policy.restrict_ec2_types",
            "data.aws_iam_policy_document.restrict_ec2_types"
          ]
        }
      ]
    },
    {
      "mode": "managed",
      "type": "aws_organizations_policy_attachment",
      "name": "restrict_regions_on_list",
      "provider": "provider[\"registry.terraform.io/hashicorp/aws\"]",
      "instances": [
        {
          "index_key": 0,
          "schema_version": 0,
          "attributes": {
            "id": "ou-qmkp-scvcpqcs:p-uoysaftl",
            "policy_id": "p-uoysaftl",
            "target_id": "ou-qmkp-scvcpqcs"
          },
          "sensitive_attributes": [],
          "private": "bnVsbA==",
          "dependencies": [
            "aws_organizations_policy.restrict_regions"
          ]
        }
      ]
    }
  ]
}
